// !$*UTF8*$!
{
	archiveVersion = 1;
	classes = {
	};
	objectVersion = 50;
	objects = {

/* Begin PBXBuildFile section */
		BE11BE28213EB97100573FF0 /* AddItemCollectionViewCellTests.swift in Sources */ = {isa = PBXBuildFile; fileRef = BE11BE27213EB97100573FF0 /* AddItemCollectionViewCellTests.swift */; };
		BE11BE29213EBBC600573FF0 /* AddItemCollectionViewCell.xib in Resources */ = {isa = PBXBuildFile; fileRef = BE382B6021398D60002E5A6D /* AddItemCollectionViewCell.xib */; };
		BE11BE2B213EBE5A00573FF0 /* TaskTableViewCellTests.swift in Sources */ = {isa = PBXBuildFile; fileRef = BE11BE2A213EBE5A00573FF0 /* TaskTableViewCellTests.swift */; };
		BE11BE2C213EBE6000573FF0 /* TaskTableViewCell.xib in Resources */ = {isa = PBXBuildFile; fileRef = BE382B4C21387385002E5A6D /* TaskTableViewCell.xib */; };
		BE11BE2E213ED10D00573FF0 /* AddItemViewControllerTests.swift in Sources */ = {isa = PBXBuildFile; fileRef = BE11BE2D213ED10D00573FF0 /* AddItemViewControllerTests.swift */; };
		BE11BE30213EE2EE00573FF0 /* MainViewControllerTests.swift in Sources */ = {isa = PBXBuildFile; fileRef = BE11BE2F213EE2EE00573FF0 /* MainViewControllerTests.swift */; };
		BE11BE32213EE91B00573FF0 /* CustomSegmentedControlTests.swift in Sources */ = {isa = PBXBuildFile; fileRef = BE11BE31213EE91B00573FF0 /* CustomSegmentedControlTests.swift */; };
		BE11BE34213FF28200573FF0 /* StoriesTableViewController.swift in Sources */ = {isa = PBXBuildFile; fileRef = BE11BE33213FF28200573FF0 /* StoriesTableViewController.swift */; };
		BE11BE39213FF2A000573FF0 /* HeaderSectionTableView.swift in Sources */ = {isa = PBXBuildFile; fileRef = BE11BE35213FF2A000573FF0 /* HeaderSectionTableView.swift */; };
		BE11BE3A213FF2A000573FF0 /* CardTableView.xib in Resources */ = {isa = PBXBuildFile; fileRef = BE11BE36213FF2A000573FF0 /* CardTableView.xib */; };
		BE11BE3B213FF2A000573FF0 /* HeaderSectionTableView.xib in Resources */ = {isa = PBXBuildFile; fileRef = BE11BE37213FF2A000573FF0 /* HeaderSectionTableView.xib */; };
		BE11BE3C213FF2A000573FF0 /* CardTableViewCell.swift in Sources */ = {isa = PBXBuildFile; fileRef = BE11BE38213FF2A000573FF0 /* CardTableViewCell.swift */; };
		BE11BE3E213FF2CC00573FF0 /* Tips.storyboard in Resources */ = {isa = PBXBuildFile; fileRef = BE11BE3D213FF2CC00573FF0 /* Tips.storyboard */; };
		BE11BE40213FF2E500573FF0 /* TipsList.plist in Resources */ = {isa = PBXBuildFile; fileRef = BE11BE3F213FF2E400573FF0 /* TipsList.plist */; };
		BE11BE42214001D000573FF0 /* ItemExtension.swift in Sources */ = {isa = PBXBuildFile; fileRef = BE11BE41214001D000573FF0 /* ItemExtension.swift */; };
		BE11BE442140181100573FF0 /* AppDelegateTests.swift in Sources */ = {isa = PBXBuildFile; fileRef = BE11BE432140181100573FF0 /* AppDelegateTests.swift */; };
		BE382B302136F699002E5A6D /* CustomSegmentedControl.swift in Sources */ = {isa = PBXBuildFile; fileRef = BE382B2F2136F699002E5A6D /* CustomSegmentedControl.swift */; };
		BE382B32213727B9002E5A6D /* HouseCategory.swift in Sources */ = {isa = PBXBuildFile; fileRef = BE382B31213727B9002E5A6D /* HouseCategory.swift */; };
		BE382B34213727D0002E5A6D /* DBManager.swift in Sources */ = {isa = PBXBuildFile; fileRef = BE382B33213727D0002E5A6D /* DBManager.swift */; };
		BE382B3821380D86002E5A6D /* TaskType.swift in Sources */ = {isa = PBXBuildFile; fileRef = BE382B3721380D86002E5A6D /* TaskType.swift */; };
		BE382B4D21387386002E5A6D /* TaskTableViewCell.swift in Sources */ = {isa = PBXBuildFile; fileRef = BE382B4B21387385002E5A6D /* TaskTableViewCell.swift */; };
		BE382B4E21387386002E5A6D /* TaskTableViewCell.xib in Resources */ = {isa = PBXBuildFile; fileRef = BE382B4C21387385002E5A6D /* TaskTableViewCell.xib */; };
		BE382B5C21398CEB002E5A6D /* AddItem.storyboard in Resources */ = {isa = PBXBuildFile; fileRef = BE382B5B21398773002E5A6D /* AddItem.storyboard */; };
		BE382B5E21398D41002E5A6D /* AddItemViewController.swift in Sources */ = {isa = PBXBuildFile; fileRef = BE382B5D21398D41002E5A6D /* AddItemViewController.swift */; };
		BE382B6121398D60002E5A6D /* AddItemCollectionViewCell.swift in Sources */ = {isa = PBXBuildFile; fileRef = BE382B5F21398D60002E5A6D /* AddItemCollectionViewCell.swift */; };
		BE382B6221398D60002E5A6D /* AddItemCollectionViewCell.xib in Resources */ = {isa = PBXBuildFile; fileRef = BE382B6021398D60002E5A6D /* AddItemCollectionViewCell.xib */; };
		BE5043D42135E096005E26A6 /* AppDelegate.swift in Sources */ = {isa = PBXBuildFile; fileRef = BE5043D32135E096005E26A6 /* AppDelegate.swift */; };
		BE5043D62135E096005E26A6 /* MainViewController.swift in Sources */ = {isa = PBXBuildFile; fileRef = BE5043D52135E096005E26A6 /* MainViewController.swift */; };
		BE5043D92135E096005E26A6 /* Main.storyboard in Resources */ = {isa = PBXBuildFile; fileRef = BE5043D72135E096005E26A6 /* Main.storyboard */; };
		BE5043DC2135E096005E26A6 /* THEAPP2_0.xcdatamodeld in Sources */ = {isa = PBXBuildFile; fileRef = BE5043DA2135E096005E26A6 /* THEAPP2_0.xcdatamodeld */; };
		BE5043DE2135E098005E26A6 /* Assets.xcassets in Resources */ = {isa = PBXBuildFile; fileRef = BE5043DD2135E098005E26A6 /* Assets.xcassets */; };
		BE5043E12135E098005E26A6 /* LaunchScreen.storyboard in Resources */ = {isa = PBXBuildFile; fileRef = BE5043DF2135E098005E26A6 /* LaunchScreen.storyboard */; };
		BE5043EC2135E099005E26A6 /* THEAPP2_0Tests.swift in Sources */ = {isa = PBXBuildFile; fileRef = BE5043EB2135E099005E26A6 /* THEAPP2_0Tests.swift */; };
		BEA174B421381B1000E6072F /* RoomCollectionViewCell.xib in Resources */ = {isa = PBXBuildFile; fileRef = BEA174B221381B1000E6072F /* RoomCollectionViewCell.xib */; };
		BEA174B521381B1000E6072F /* RoomCollectionViewCell.swift in Sources */ = {isa = PBXBuildFile; fileRef = BEA174B321381B1000E6072F /* RoomCollectionViewCell.swift */; };
		BED9F331213DC23D007B4165 /* DBManagerTests.swift in Sources */ = {isa = PBXBuildFile; fileRef = BED9F330213DC23D007B4165 /* DBManagerTests.swift */; };
		BED9F333213DD1B1007B4165 /* RoomCollectionViewCellTests.swift in Sources */ = {isa = PBXBuildFile; fileRef = BED9F332213DD1B1007B4165 /* RoomCollectionViewCellTests.swift */; };
		BED9F334213DD375007B4165 /* RoomCollectionViewCell.xib in Resources */ = {isa = PBXBuildFile; fileRef = BEA174B221381B1000E6072F /* RoomCollectionViewCell.xib */; };
/* End PBXBuildFile section */

/* Begin PBXContainerItemProxy section */
		BE5043E82135E098005E26A6 /* PBXContainerItemProxy */ = {
			isa = PBXContainerItemProxy;
			containerPortal = BE5043C82135E096005E26A6 /* Project object */;
			proxyType = 1;
			remoteGlobalIDString = BE5043CF2135E096005E26A6;
			remoteInfo = THEAPP2.0;
		};
/* End PBXContainerItemProxy section */

/* Begin PBXFileReference section */
		BE11BE27213EB97100573FF0 /* AddItemCollectionViewCellTests.swift */ = {isa = PBXFileReference; lastKnownFileType = sourcecode.swift; path = AddItemCollectionViewCellTests.swift; sourceTree = "<group>"; };
		BE11BE2A213EBE5A00573FF0 /* TaskTableViewCellTests.swift */ = {isa = PBXFileReference; lastKnownFileType = sourcecode.swift; path = TaskTableViewCellTests.swift; sourceTree = "<group>"; };
		BE11BE2D213ED10D00573FF0 /* AddItemViewControllerTests.swift */ = {isa = PBXFileReference; lastKnownFileType = sourcecode.swift; path = AddItemViewControllerTests.swift; sourceTree = "<group>"; };
		BE11BE2F213EE2EE00573FF0 /* MainViewControllerTests.swift */ = {isa = PBXFileReference; lastKnownFileType = sourcecode.swift; path = MainViewControllerTests.swift; sourceTree = "<group>"; };
		BE11BE31213EE91B00573FF0 /* CustomSegmentedControlTests.swift */ = {isa = PBXFileReference; lastKnownFileType = sourcecode.swift; path = CustomSegmentedControlTests.swift; sourceTree = "<group>"; };
		BE11BE33213FF28200573FF0 /* StoriesTableViewController.swift */ = {isa = PBXFileReference; fileEncoding = 4; lastKnownFileType = sourcecode.swift; path = StoriesTableViewController.swift; sourceTree = "<group>"; };
		BE11BE35213FF2A000573FF0 /* HeaderSectionTableView.swift */ = {isa = PBXFileReference; fileEncoding = 4; lastKnownFileType = sourcecode.swift; path = HeaderSectionTableView.swift; sourceTree = "<group>"; };
		BE11BE36213FF2A000573FF0 /* CardTableView.xib */ = {isa = PBXFileReference; fileEncoding = 4; lastKnownFileType = file.xib; path = CardTableView.xib; sourceTree = "<group>"; };
		BE11BE37213FF2A000573FF0 /* HeaderSectionTableView.xib */ = {isa = PBXFileReference; fileEncoding = 4; lastKnownFileType = file.xib; path = HeaderSectionTableView.xib; sourceTree = "<group>"; };
		BE11BE38213FF2A000573FF0 /* CardTableViewCell.swift */ = {isa = PBXFileReference; fileEncoding = 4; lastKnownFileType = sourcecode.swift; path = CardTableViewCell.swift; sourceTree = "<group>"; };
		BE11BE3D213FF2CC00573FF0 /* Tips.storyboard */ = {isa = PBXFileReference; fileEncoding = 4; lastKnownFileType = file.storyboard; path = Tips.storyboard; sourceTree = "<group>"; };
		BE11BE3F213FF2E400573FF0 /* TipsList.plist */ = {isa = PBXFileReference; fileEncoding = 4; lastKnownFileType = text.plist.xml; path = TipsList.plist; sourceTree = "<group>"; };
		BE11BE41214001D000573FF0 /* ItemExtension.swift */ = {isa = PBXFileReference; fileEncoding = 4; lastKnownFileType = sourcecode.swift; path = ItemExtension.swift; sourceTree = "<group>"; };
		BE11BE432140181100573FF0 /* AppDelegateTests.swift */ = {isa = PBXFileReference; lastKnownFileType = sourcecode.swift; path = AppDelegateTests.swift; sourceTree = "<group>"; };
		BE382B2F2136F699002E5A6D /* CustomSegmentedControl.swift */ = {isa = PBXFileReference; lastKnownFileType = sourcecode.swift; path = CustomSegmentedControl.swift; sourceTree = "<group>"; };
		BE382B31213727B9002E5A6D /* HouseCategory.swift */ = {isa = PBXFileReference; fileEncoding = 4; lastKnownFileType = sourcecode.swift; path = HouseCategory.swift; sourceTree = "<group>"; };
		BE382B33213727D0002E5A6D /* DBManager.swift */ = {isa = PBXFileReference; fileEncoding = 4; lastKnownFileType = sourcecode.swift; path = DBManager.swift; sourceTree = "<group>"; };
		BE382B3721380D86002E5A6D /* TaskType.swift */ = {isa = PBXFileReference; lastKnownFileType = sourcecode.swift; path = TaskType.swift; sourceTree = "<group>"; };
		BE382B4B21387385002E5A6D /* TaskTableViewCell.swift */ = {isa = PBXFileReference; fileEncoding = 4; lastKnownFileType = sourcecode.swift; path = TaskTableViewCell.swift; sourceTree = "<group>"; };
		BE382B4C21387385002E5A6D /* TaskTableViewCell.xib */ = {isa = PBXFileReference; fileEncoding = 4; lastKnownFileType = file.xib; path = TaskTableViewCell.xib; sourceTree = "<group>"; };
		BE382B5B21398773002E5A6D /* AddItem.storyboard */ = {isa = PBXFileReference; lastKnownFileType = file.storyboard; path = AddItem.storyboard; sourceTree = "<group>"; };
		BE382B5D21398D41002E5A6D /* AddItemViewController.swift */ = {isa = PBXFileReference; lastKnownFileType = sourcecode.swift; path = AddItemViewController.swift; sourceTree = "<group>"; };
		BE382B5F21398D60002E5A6D /* AddItemCollectionViewCell.swift */ = {isa = PBXFileReference; fileEncoding = 4; lastKnownFileType = sourcecode.swift; path = AddItemCollectionViewCell.swift; sourceTree = "<group>"; };
		BE382B6021398D60002E5A6D /* AddItemCollectionViewCell.xib */ = {isa = PBXFileReference; fileEncoding = 4; lastKnownFileType = file.xib; path = AddItemCollectionViewCell.xib; sourceTree = "<group>"; };
		BE5043D02135E096005E26A6 /* THEAPP2.0.app */ = {isa = PBXFileReference; explicitFileType = wrapper.application; includeInIndex = 0; path = THEAPP2.0.app; sourceTree = BUILT_PRODUCTS_DIR; };
		BE5043D32135E096005E26A6 /* AppDelegate.swift */ = {isa = PBXFileReference; lastKnownFileType = sourcecode.swift; path = AppDelegate.swift; sourceTree = "<group>"; };
		BE5043D52135E096005E26A6 /* MainViewController.swift */ = {isa = PBXFileReference; lastKnownFileType = sourcecode.swift; path = MainViewController.swift; sourceTree = "<group>"; };
		BE5043D82135E096005E26A6 /* Base */ = {isa = PBXFileReference; lastKnownFileType = file.storyboard; name = Base; path = Base.lproj/Main.storyboard; sourceTree = "<group>"; };
		BE5043DB2135E096005E26A6 /* THEAPP2_0.xcdatamodel */ = {isa = PBXFileReference; lastKnownFileType = wrapper.xcdatamodel; path = THEAPP2_0.xcdatamodel; sourceTree = "<group>"; };
		BE5043DD2135E098005E26A6 /* Assets.xcassets */ = {isa = PBXFileReference; lastKnownFileType = folder.assetcatalog; path = Assets.xcassets; sourceTree = "<group>"; };
		BE5043E02135E098005E26A6 /* Base */ = {isa = PBXFileReference; lastKnownFileType = file.storyboard; name = Base; path = Base.lproj/LaunchScreen.storyboard; sourceTree = "<group>"; };
		BE5043E22135E098005E26A6 /* Info.plist */ = {isa = PBXFileReference; lastKnownFileType = text.plist.xml; path = Info.plist; sourceTree = "<group>"; };
		BE5043E72135E098005E26A6 /* THEAPP2.0Tests.xctest */ = {isa = PBXFileReference; explicitFileType = wrapper.cfbundle; includeInIndex = 0; path = THEAPP2.0Tests.xctest; sourceTree = BUILT_PRODUCTS_DIR; };
		BE5043EB2135E099005E26A6 /* THEAPP2_0Tests.swift */ = {isa = PBXFileReference; lastKnownFileType = sourcecode.swift; path = THEAPP2_0Tests.swift; sourceTree = "<group>"; };
		BE5043ED2135E099005E26A6 /* Info.plist */ = {isa = PBXFileReference; lastKnownFileType = text.plist.xml; path = Info.plist; sourceTree = "<group>"; };
		BEA174B221381B1000E6072F /* RoomCollectionViewCell.xib */ = {isa = PBXFileReference; fileEncoding = 4; lastKnownFileType = file.xib; path = RoomCollectionViewCell.xib; sourceTree = "<group>"; };
		BEA174B321381B1000E6072F /* RoomCollectionViewCell.swift */ = {isa = PBXFileReference; fileEncoding = 4; lastKnownFileType = sourcecode.swift; path = RoomCollectionViewCell.swift; sourceTree = "<group>"; };
		BED9F330213DC23D007B4165 /* DBManagerTests.swift */ = {isa = PBXFileReference; lastKnownFileType = sourcecode.swift; path = DBManagerTests.swift; sourceTree = "<group>"; };
		BED9F332213DD1B1007B4165 /* RoomCollectionViewCellTests.swift */ = {isa = PBXFileReference; lastKnownFileType = sourcecode.swift; path = RoomCollectionViewCellTests.swift; sourceTree = "<group>"; };
/* End PBXFileReference section */

/* Begin PBXFrameworksBuildPhase section */
		BE5043CD2135E096005E26A6 /* Frameworks */ = {
			isa = PBXFrameworksBuildPhase;
			buildActionMask = 2147483647;
			files = (
			);
			runOnlyForDeploymentPostprocessing = 0;
		};
		BE5043E42135E098005E26A6 /* Frameworks */ = {
			isa = PBXFrameworksBuildPhase;
			buildActionMask = 2147483647;
			files = (
			);
			runOnlyForDeploymentPostprocessing = 0;
		};
/* End PBXFrameworksBuildPhase section */

/* Begin PBXGroup section */
		BE382B63213D4E0A002E5A6D /* Xib */ = {
			isa = PBXGroup;
			children = (
				BEA174B321381B1000E6072F /* RoomCollectionViewCell.swift */,
				BEA174B221381B1000E6072F /* RoomCollectionViewCell.xib */,
				BE382B5F21398D60002E5A6D /* AddItemCollectionViewCell.swift */,
				BE382B6021398D60002E5A6D /* AddItemCollectionViewCell.xib */,
				BE382B4B21387385002E5A6D /* TaskTableViewCell.swift */,
				BE382B4C21387385002E5A6D /* TaskTableViewCell.xib */,
				BE11BE38213FF2A000573FF0 /* CardTableViewCell.swift */,
				BE11BE36213FF2A000573FF0 /* CardTableView.xib */,
				BE11BE35213FF2A000573FF0 /* HeaderSectionTableView.swift */,
				BE11BE37213FF2A000573FF0 /* HeaderSectionTableView.xib */,
			);
			path = Xib;
			sourceTree = "<group>";
		};
		BE382B64213D4E4E002E5A6D /* Controller */ = {
			isa = PBXGroup;
			children = (
				BE5043D52135E096005E26A6 /* MainViewController.swift */,
				BE382B5D21398D41002E5A6D /* AddItemViewController.swift */,
				BE11BE33213FF28200573FF0 /* StoriesTableViewController.swift */,
			);
			path = Controller;
			sourceTree = "<group>";
		};
		BE382B65213D4E68002E5A6D /* Storyboard */ = {
			isa = PBXGroup;
			children = (
				BE5043DF2135E098005E26A6 /* LaunchScreen.storyboard */,
				BE5043D72135E096005E26A6 /* Main.storyboard */,
				BE382B5B21398773002E5A6D /* AddItem.storyboard */,
				BE11BE3D213FF2CC00573FF0 /* Tips.storyboard */,
			);
			path = Storyboard;
			sourceTree = "<group>";
		};
		BE5043C72135E096005E26A6 = {
			isa = PBXGroup;
			children = (
				BE5043D22135E096005E26A6 /* THEAPP2.0 */,
				BE5043EA2135E099005E26A6 /* THEAPP2.0Tests */,
				BE5043D12135E096005E26A6 /* Products */,
			);
			sourceTree = "<group>";
		};
		BE5043D12135E096005E26A6 /* Products */ = {
			isa = PBXGroup;
			children = (
				BE5043D02135E096005E26A6 /* THEAPP2.0.app */,
				BE5043E72135E098005E26A6 /* THEAPP2.0Tests.xctest */,
			);
			name = Products;
			sourceTree = "<group>";
		};
		BE5043D22135E096005E26A6 /* THEAPP2.0 */ = {
			isa = PBXGroup;
			children = (
				BE5043DA2135E096005E26A6 /* THEAPP2_0.xcdatamodeld */,
				BE382B33213727D0002E5A6D /* DBManager.swift */,
				BE5043D32135E096005E26A6 /* AppDelegate.swift */,
				BE382B63213D4E0A002E5A6D /* Xib */,
				BE382B64213D4E4E002E5A6D /* Controller */,
				BE382B65213D4E68002E5A6D /* Storyboard */,
				BE5043DD2135E098005E26A6 /* Assets.xcassets */,
				BE382B31213727B9002E5A6D /* HouseCategory.swift */,
				BE382B2F2136F699002E5A6D /* CustomSegmentedControl.swift */,
				BE382B3721380D86002E5A6D /* TaskType.swift */,
				BE11BE41214001D000573FF0 /* ItemExtension.swift */,
				BE5043E22135E098005E26A6 /* Info.plist */,
				BE11BE3F213FF2E400573FF0 /* TipsList.plist */,
			);
			path = THEAPP2.0;
			sourceTree = "<group>";
		};
		BE5043EA2135E099005E26A6 /* THEAPP2.0Tests */ = {
			isa = PBXGroup;
			children = (
				BE5043EB2135E099005E26A6 /* THEAPP2_0Tests.swift */,
				BED9F330213DC23D007B4165 /* DBManagerTests.swift */,
				BED9F332213DD1B1007B4165 /* RoomCollectionViewCellTests.swift */,
				BE11BE27213EB97100573FF0 /* AddItemCollectionViewCellTests.swift */,
				BE11BE2A213EBE5A00573FF0 /* TaskTableViewCellTests.swift */,
				BE11BE2F213EE2EE00573FF0 /* MainViewControllerTests.swift */,
				BE11BE2D213ED10D00573FF0 /* AddItemViewControllerTests.swift */,
				BE11BE31213EE91B00573FF0 /* CustomSegmentedControlTests.swift */,
				BE11BE432140181100573FF0 /* AppDelegateTests.swift */,
				BE5043ED2135E099005E26A6 /* Info.plist */,
			);
			path = THEAPP2.0Tests;
			sourceTree = "<group>";
		};
/* End PBXGroup section */

/* Begin PBXNativeTarget section */
		BE5043CF2135E096005E26A6 /* THEAPP2.0 */ = {
			isa = PBXNativeTarget;
			buildConfigurationList = BE5043F02135E099005E26A6 /* Build configuration list for PBXNativeTarget "THEAPP2.0" */;
			buildPhases = (
				BE5043CC2135E096005E26A6 /* Sources */,
				BE5043CD2135E096005E26A6 /* Frameworks */,
				BE5043CE2135E096005E26A6 /* Resources */,
			);
			buildRules = (
			);
			dependencies = (
			);
			name = THEAPP2.0;
			productName = THEAPP2.0;
			productReference = BE5043D02135E096005E26A6 /* THEAPP2.0.app */;
			productType = "com.apple.product-type.application";
		};
		BE5043E62135E098005E26A6 /* THEAPP2.0Tests */ = {
			isa = PBXNativeTarget;
			buildConfigurationList = BE5043F32135E099005E26A6 /* Build configuration list for PBXNativeTarget "THEAPP2.0Tests" */;
			buildPhases = (
				BE5043E32135E098005E26A6 /* Sources */,
				BE5043E42135E098005E26A6 /* Frameworks */,
				BE5043E52135E098005E26A6 /* Resources */,
			);
			buildRules = (
			);
			dependencies = (
				BE5043E92135E098005E26A6 /* PBXTargetDependency */,
			);
			name = THEAPP2.0Tests;
			productName = THEAPP2.0Tests;
			productReference = BE5043E72135E098005E26A6 /* THEAPP2.0Tests.xctest */;
			productType = "com.apple.product-type.bundle.unit-test";
		};
/* End PBXNativeTarget section */

/* Begin PBXProject section */
		BE5043C82135E096005E26A6 /* Project object */ = {
			isa = PBXProject;
			attributes = {
				LastSwiftUpdateCheck = 0940;
				LastUpgradeCheck = 0940;
				ORGANIZATIONNAME = Academy;
				TargetAttributes = {
					BE5043CF2135E096005E26A6 = {
						CreatedOnToolsVersion = 9.4.1;
					};
					BE5043E62135E098005E26A6 = {
						CreatedOnToolsVersion = 9.4.1;
						TestTargetID = BE5043CF2135E096005E26A6;
					};
				};
			};
			buildConfigurationList = BE5043CB2135E096005E26A6 /* Build configuration list for PBXProject "THEAPP2.0" */;
			compatibilityVersion = "Xcode 9.3";
			developmentRegion = en;
			hasScannedForEncodings = 0;
			knownRegions = (
				en,
				Base,
			);
			mainGroup = BE5043C72135E096005E26A6;
			productRefGroup = BE5043D12135E096005E26A6 /* Products */;
			projectDirPath = "";
			projectRoot = "";
			targets = (
				BE5043CF2135E096005E26A6 /* THEAPP2.0 */,
				BE5043E62135E098005E26A6 /* THEAPP2.0Tests */,
			);
		};
/* End PBXProject section */

/* Begin PBXResourcesBuildPhase section */
		BE5043CE2135E096005E26A6 /* Resources */ = {
			isa = PBXResourcesBuildPhase;
			buildActionMask = 2147483647;
			files = (
				BE382B5C21398CEB002E5A6D /* AddItem.storyboard in Resources */,
				BE5043E12135E098005E26A6 /* LaunchScreen.storyboard in Resources */,
				BE11BE40213FF2E500573FF0 /* TipsList.plist in Resources */,
				BE11BE3B213FF2A000573FF0 /* HeaderSectionTableView.xib in Resources */,
				BE5043DE2135E098005E26A6 /* Assets.xcassets in Resources */,
				BE382B4E21387386002E5A6D /* TaskTableViewCell.xib in Resources */,
				BE5043D92135E096005E26A6 /* Main.storyboard in Resources */,
				BE11BE3E213FF2CC00573FF0 /* Tips.storyboard in Resources */,
				BE382B6221398D60002E5A6D /* AddItemCollectionViewCell.xib in Resources */,
				BEA174B421381B1000E6072F /* RoomCollectionViewCell.xib in Resources */,
				BE11BE3A213FF2A000573FF0 /* CardTableView.xib in Resources */,
			);
			runOnlyForDeploymentPostprocessing = 0;
		};
		BE5043E52135E098005E26A6 /* Resources */ = {
			isa = PBXResourcesBuildPhase;
			buildActionMask = 2147483647;
			files = (
				BE11BE2C213EBE6000573FF0 /* TaskTableViewCell.xib in Resources */,
				BED9F334213DD375007B4165 /* RoomCollectionViewCell.xib in Resources */,
				BE11BE29213EBBC600573FF0 /* AddItemCollectionViewCell.xib in Resources */,
			);
			runOnlyForDeploymentPostprocessing = 0;
		};
/* End PBXResourcesBuildPhase section */

/* Begin PBXSourcesBuildPhase section */
		BE5043CC2135E096005E26A6 /* Sources */ = {
			isa = PBXSourcesBuildPhase;
			buildActionMask = 2147483647;
			files = (
				BE382B5E21398D41002E5A6D /* AddItemViewController.swift in Sources */,
				BE382B32213727B9002E5A6D /* HouseCategory.swift in Sources */,
				BE382B302136F699002E5A6D /* CustomSegmentedControl.swift in Sources */,
				BE5043DC2135E096005E26A6 /* THEAPP2_0.xcdatamodeld in Sources */,
				BE5043D62135E096005E26A6 /* MainViewController.swift in Sources */,
				BE382B34213727D0002E5A6D /* DBManager.swift in Sources */,
				BE11BE39213FF2A000573FF0 /* HeaderSectionTableView.swift in Sources */,
				BE11BE34213FF28200573FF0 /* StoriesTableViewController.swift in Sources */,
				BE382B4D21387386002E5A6D /* TaskTableViewCell.swift in Sources */,
				BE5043D42135E096005E26A6 /* AppDelegate.swift in Sources */,
				BE382B6121398D60002E5A6D /* AddItemCollectionViewCell.swift in Sources */,
				BE382B3821380D86002E5A6D /* TaskType.swift in Sources */,
				BE11BE42214001D000573FF0 /* ItemExtension.swift in Sources */,
				BEA174B521381B1000E6072F /* RoomCollectionViewCell.swift in Sources */,
				BE11BE3C213FF2A000573FF0 /* CardTableViewCell.swift in Sources */,
			);
			runOnlyForDeploymentPostprocessing = 0;
		};
		BE5043E32135E098005E26A6 /* Sources */ = {
			isa = PBXSourcesBuildPhase;
			buildActionMask = 2147483647;
			files = (
				BE5043EC2135E099005E26A6 /* THEAPP2_0Tests.swift in Sources */,
				BE11BE442140181100573FF0 /* AppDelegateTests.swift in Sources */,
				BE11BE28213EB97100573FF0 /* AddItemCollectionViewCellTests.swift in Sources */,
				BED9F333213DD1B1007B4165 /* RoomCollectionViewCellTests.swift in Sources */,
				BE11BE2B213EBE5A00573FF0 /* TaskTableViewCellTests.swift in Sources */,
				BE11BE2E213ED10D00573FF0 /* AddItemViewControllerTests.swift in Sources */,
				BE11BE32213EE91B00573FF0 /* CustomSegmentedControlTests.swift in Sources */,
				BED9F331213DC23D007B4165 /* DBManagerTests.swift in Sources */,
				BE11BE30213EE2EE00573FF0 /* MainViewControllerTests.swift in Sources */,
			);
			runOnlyForDeploymentPostprocessing = 0;
		};
/* End PBXSourcesBuildPhase section */

/* Begin PBXTargetDependency section */
		BE5043E92135E098005E26A6 /* PBXTargetDependency */ = {
			isa = PBXTargetDependency;
			target = BE5043CF2135E096005E26A6 /* THEAPP2.0 */;
			targetProxy = BE5043E82135E098005E26A6 /* PBXContainerItemProxy */;
		};
/* End PBXTargetDependency section */

/* Begin PBXVariantGroup section */
		BE5043D72135E096005E26A6 /* Main.storyboard */ = {
			isa = PBXVariantGroup;
			children = (
				BE5043D82135E096005E26A6 /* Base */,
			);
			name = Main.storyboard;
			sourceTree = "<group>";
		};
		BE5043DF2135E098005E26A6 /* LaunchScreen.storyboard */ = {
			isa = PBXVariantGroup;
			children = (
				BE5043E02135E098005E26A6 /* Base */,
			);
			name = LaunchScreen.storyboard;
			sourceTree = "<group>";
		};
/* End PBXVariantGroup section */

/* Begin XCBuildConfiguration section */
		BE5043EE2135E099005E26A6 /* Debug */ = {
			isa = XCBuildConfiguration;
			buildSettings = {
				ALWAYS_SEARCH_USER_PATHS = NO;
				CLANG_ANALYZER_NONNULL = YES;
				CLANG_ANALYZER_NUMBER_OBJECT_CONVERSION = YES_AGGRESSIVE;
				CLANG_CXX_LANGUAGE_STANDARD = "gnu++14";
				CLANG_CXX_LIBRARY = "libc++";
				CLANG_ENABLE_MODULES = YES;
				CLANG_ENABLE_OBJC_ARC = YES;
				CLANG_ENABLE_OBJC_WEAK = YES;
				CLANG_WARN_BLOCK_CAPTURE_AUTORELEASING = YES;
				CLANG_WARN_BOOL_CONVERSION = YES;
				CLANG_WARN_COMMA = YES;
				CLANG_WARN_CONSTANT_CONVERSION = YES;
				CLANG_WARN_DEPRECATED_OBJC_IMPLEMENTATIONS = YES;
				CLANG_WARN_DIRECT_OBJC_ISA_USAGE = YES_ERROR;
				CLANG_WARN_DOCUMENTATION_COMMENTS = YES;
				CLANG_WARN_EMPTY_BODY = YES;
				CLANG_WARN_ENUM_CONVERSION = YES;
				CLANG_WARN_INFINITE_RECURSION = YES;
				CLANG_WARN_INT_CONVERSION = YES;
				CLANG_WARN_NON_LITERAL_NULL_CONVERSION = YES;
				CLANG_WARN_OBJC_IMPLICIT_RETAIN_SELF = YES;
				CLANG_WARN_OBJC_LITERAL_CONVERSION = YES;
				CLANG_WARN_OBJC_ROOT_CLASS = YES_ERROR;
				CLANG_WARN_RANGE_LOOP_ANALYSIS = YES;
				CLANG_WARN_STRICT_PROTOTYPES = YES;
				CLANG_WARN_SUSPICIOUS_MOVE = YES;
				CLANG_WARN_UNGUARDED_AVAILABILITY = YES_AGGRESSIVE;
				CLANG_WARN_UNREACHABLE_CODE = YES;
				CLANG_WARN__DUPLICATE_METHOD_MATCH = YES;
				CODE_SIGN_IDENTITY = "iPhone Developer";
				COPY_PHASE_STRIP = NO;
				DEBUG_INFORMATION_FORMAT = dwarf;
				ENABLE_STRICT_OBJC_MSGSEND = YES;
				ENABLE_TESTABILITY = YES;
				GCC_C_LANGUAGE_STANDARD = gnu11;
				GCC_DYNAMIC_NO_PIC = NO;
				GCC_NO_COMMON_BLOCKS = YES;
				GCC_OPTIMIZATION_LEVEL = 0;
				GCC_PREPROCESSOR_DEFINITIONS = (
					"DEBUG=1",
					"$(inherited)",
				);
				GCC_WARN_64_TO_32_BIT_CONVERSION = YES;
				GCC_WARN_ABOUT_RETURN_TYPE = YES_ERROR;
				GCC_WARN_UNDECLARED_SELECTOR = YES;
				GCC_WARN_UNINITIALIZED_AUTOS = YES_AGGRESSIVE;
				GCC_WARN_UNUSED_FUNCTION = YES;
				GCC_WARN_UNUSED_VARIABLE = YES;
				IPHONEOS_DEPLOYMENT_TARGET = 11.4;
				MTL_ENABLE_DEBUG_INFO = YES;
				ONLY_ACTIVE_ARCH = YES;
				SDKROOT = iphoneos;
				SWIFT_ACTIVE_COMPILATION_CONDITIONS = DEBUG;
				SWIFT_OPTIMIZATION_LEVEL = "-Onone";
			};
			name = Debug;
		};
		BE5043EF2135E099005E26A6 /* Release */ = {
			isa = XCBuildConfiguration;
			buildSettings = {
				ALWAYS_SEARCH_USER_PATHS = NO;
				CLANG_ANALYZER_NONNULL = YES;
				CLANG_ANALYZER_NUMBER_OBJECT_CONVERSION = YES_AGGRESSIVE;
				CLANG_CXX_LANGUAGE_STANDARD = "gnu++14";
				CLANG_CXX_LIBRARY = "libc++";
				CLANG_ENABLE_MODULES = YES;
				CLANG_ENABLE_OBJC_ARC = YES;
				CLANG_ENABLE_OBJC_WEAK = YES;
				CLANG_WARN_BLOCK_CAPTURE_AUTORELEASING = YES;
				CLANG_WARN_BOOL_CONVERSION = YES;
				CLANG_WARN_COMMA = YES;
				CLANG_WARN_CONSTANT_CONVERSION = YES;
				CLANG_WARN_DEPRECATED_OBJC_IMPLEMENTATIONS = YES;
				CLANG_WARN_DIRECT_OBJC_ISA_USAGE = YES_ERROR;
				CLANG_WARN_DOCUMENTATION_COMMENTS = YES;
				CLANG_WARN_EMPTY_BODY = YES;
				CLANG_WARN_ENUM_CONVERSION = YES;
				CLANG_WARN_INFINITE_RECURSION = YES;
				CLANG_WARN_INT_CONVERSION = YES;
				CLANG_WARN_NON_LITERAL_NULL_CONVERSION = YES;
				CLANG_WARN_OBJC_IMPLICIT_RETAIN_SELF = YES;
				CLANG_WARN_OBJC_LITERAL_CONVERSION = YES;
				CLANG_WARN_OBJC_ROOT_CLASS = YES_ERROR;
				CLANG_WARN_RANGE_LOOP_ANALYSIS = YES;
				CLANG_WARN_STRICT_PROTOTYPES = YES;
				CLANG_WARN_SUSPICIOUS_MOVE = YES;
				CLANG_WARN_UNGUARDED_AVAILABILITY = YES_AGGRESSIVE;
				CLANG_WARN_UNREACHABLE_CODE = YES;
				CLANG_WARN__DUPLICATE_METHOD_MATCH = YES;
				CODE_SIGN_IDENTITY = "iPhone Developer";
				COPY_PHASE_STRIP = NO;
				DEBUG_INFORMATION_FORMAT = "dwarf-with-dsym";
				ENABLE_NS_ASSERTIONS = NO;
				ENABLE_STRICT_OBJC_MSGSEND = YES;
				GCC_C_LANGUAGE_STANDARD = gnu11;
				GCC_NO_COMMON_BLOCKS = YES;
				GCC_WARN_64_TO_32_BIT_CONVERSION = YES;
				GCC_WARN_ABOUT_RETURN_TYPE = YES_ERROR;
				GCC_WARN_UNDECLARED_SELECTOR = YES;
				GCC_WARN_UNINITIALIZED_AUTOS = YES_AGGRESSIVE;
				GCC_WARN_UNUSED_FUNCTION = YES;
				GCC_WARN_UNUSED_VARIABLE = YES;
				IPHONEOS_DEPLOYMENT_TARGET = 11.4;
				MTL_ENABLE_DEBUG_INFO = NO;
				SDKROOT = iphoneos;
				SWIFT_COMPILATION_MODE = wholemodule;
				SWIFT_OPTIMIZATION_LEVEL = "-O";
				VALIDATE_PRODUCT = YES;
			};
			name = Release;
		};
		BE5043F12135E099005E26A6 /* Debug */ = {
			isa = XCBuildConfiguration;
			buildSettings = {
				ASSETCATALOG_COMPILER_APPICON_NAME = AppIcon;
				CODE_SIGN_STYLE = Automatic;
				DEVELOPMENT_TEAM = GRY7WP8AQR;
				INFOPLIST_FILE = THEAPP2.0/Info.plist;
				LD_RUNPATH_SEARCH_PATHS = (
					"$(inherited)",
					"@executable_path/Frameworks",
				);
				PRODUCT_BUNDLE_IDENTIFIER = "br.com.academy.THEAPP2-0";
				PRODUCT_NAME = "$(TARGET_NAME)";
				SWIFT_VERSION = 4.0;
				TARGETED_DEVICE_FAMILY = "1,2";
			};
			name = Debug;
		};
		BE5043F22135E099005E26A6 /* Release */ = {
			isa = XCBuildConfiguration;
			buildSettings = {
				ASSETCATALOG_COMPILER_APPICON_NAME = AppIcon;
				CODE_SIGN_STYLE = Automatic;
				DEVELOPMENT_TEAM = GRY7WP8AQR;
				INFOPLIST_FILE = THEAPP2.0/Info.plist;
				LD_RUNPATH_SEARCH_PATHS = (
					"$(inherited)",
					"@executable_path/Frameworks",
				);
				PRODUCT_BUNDLE_IDENTIFIER = "br.com.academy.THEAPP2-0";
				PRODUCT_NAME = "$(TARGET_NAME)";
				SWIFT_VERSION = 4.0;
				TARGETED_DEVICE_FAMILY = "1,2";
			};
			name = Release;
		};
		BE5043F42135E099005E26A6 /* Debug */ = {
			isa = XCBuildConfiguration;
			buildSettings = {
				ALWAYS_EMBED_SWIFT_STANDARD_LIBRARIES = YES;
				BUNDLE_LOADER = "$(TEST_HOST)";
				CODE_SIGN_STYLE = Automatic;
				DEVELOPMENT_TEAM = H3RQC49HYF;
				INFOPLIST_FILE = THEAPP2.0Tests/Info.plist;
				LD_RUNPATH_SEARCH_PATHS = (
					"$(inherited)",
					"@executable_path/Frameworks",
					"@loader_path/Frameworks",
				);
				PRODUCT_BUNDLE_IDENTIFIER = "br.com.academy.THEAPP2-0Tests";
				PRODUCT_NAME = "$(TARGET_NAME)";
				SWIFT_VERSION = 4.0;
				TARGETED_DEVICE_FAMILY = "1,2";
				TEST_HOST = "$(BUILT_PRODUCTS_DIR)/THEAPP2.0.app/THEAPP2.0";
			};
			name = Debug;
		};
		BE5043F52135E099005E26A6 /* Release */ = {
			isa = XCBuildConfiguration;
			buildSettings = {
				ALWAYS_EMBED_SWIFT_STANDARD_LIBRARIES = YES;
				BUNDLE_LOADER = "$(TEST_HOST)";
				CODE_SIGN_STYLE = Automatic;
				DEVELOPMENT_TEAM = H3RQC49HYF;
				INFOPLIST_FILE = THEAPP2.0Tests/Info.plist;
				LD_RUNPATH_SEARCH_PATHS = (
					"$(inherited)",
					"@executable_path/Frameworks",
					"@loader_path/Frameworks",
				);
				PRODUCT_BUNDLE_IDENTIFIER = "br.com.academy.THEAPP2-0Tests";
				PRODUCT_NAME = "$(TARGET_NAME)";
				SWIFT_VERSION = 4.0;
				TARGETED_DEVICE_FAMILY = "1,2";
				TEST_HOST = "$(BUILT_PRODUCTS_DIR)/THEAPP2.0.app/THEAPP2.0";
			};
			name = Release;
		};
/* End XCBuildConfiguration section */

/* Begin XCConfigurationList section */
		BE5043CB2135E096005E26A6 /* Build configuration list for PBXProject "THEAPP2.0" */ = {
			isa = XCConfigurationList;
			buildConfigurations = (
				BE5043EE2135E099005E26A6 /* Debug */,
				BE5043EF2135E099005E26A6 /* Release */,
			);
			defaultConfigurationIsVisible = 0;
			defaultConfigurationName = Release;
		};
		BE5043F02135E099005E26A6 /* Build configuration list for PBXNativeTarget "THEAPP2.0" */ = {
			isa = XCConfigurationList;
			buildConfigurations = (
				BE5043F12135E099005E26A6 /* Debug */,
				BE5043F22135E099005E26A6 /* Release */,
			);
			defaultConfigurationIsVisible = 0;
			defaultConfigurationName = Release;
		};
		BE5043F32135E099005E26A6 /* Build configuration list for PBXNativeTarget "THEAPP2.0Tests" */ = {
			isa = XCConfigurationList;
			buildConfigurations = (
				BE5043F42135E099005E26A6 /* Debug */,
				BE5043F52135E099005E26A6 /* Release */,
			);
			defaultConfigurationIsVisible = 0;
			defaultConfigurationName = Release;
		};
/* End XCConfigurationList section */

/* Begin XCVersionGroup section */
		BE5043DA2135E096005E26A6 /* THEAPP2_0.xcdatamodeld */ = {
			isa = XCVersionGroup;
			children = (
				BE5043DB2135E096005E26A6 /* THEAPP2_0.xcdatamodel */,
			);
			currentVersion = BE5043DB2135E096005E26A6 /* THEAPP2_0.xcdatamodel */;
			path = THEAPP2_0.xcdatamodeld;
			sourceTree = "<group>";
			versionGroupType = wrapper.xcdatamodel;
		};
/* End XCVersionGroup section */
	};
	rootObject = BE5043C82135E096005E26A6 /* Project object */;
}
